# This file is generated by running "yarn install" inside your project.
# Manual changes might be lost - proceed with caution!

__metadata:
  version: 8
  cacheKey: 10c0

"@myparcel/prettier-config@npm:^1.1.0":
  version: 1.1.0
  resolution: "@myparcel/prettier-config@npm:1.1.0"
  checksum: 10c0/3253c037b7cb0fc0bd622b7be579e5ff1056fdf7fce86fc0ffba614cc4cad464deebe62928890b78baa749353cd7535caece717e50809ab428e2565c7c6fd02f
  languageName: node
  linkType: hard

"@myparcelnl/docker-images@workspace:.":
  version: 0.0.0-use.local
  resolution: "@myparcelnl/docker-images@workspace:."
  dependencies:
    "@myparcel/prettier-config": "npm:^1.1.0"
    husky: "npm:^9.1.6"
    is-ci: "npm:^3.0.1"
    lint-staged: "npm:^17.6.0"
    prettier: "npm:^3.3.3"
  languageName: unknown
  linkType: soft

"ci-info@npm:^3.2.0":
  version: 3.9.0
  resolution: "ci-info@npm:3.9.0"
  checksum: 10c0/6f0109e36e111684291d46123d491bc4e7b7a1934c3a20dea28cba89f1d4a03acd892f5f6a81ed3855c38647e285a150e3c9ba062e38943bef57fee6c1554c3a
  languageName: node
  linkType: hard

"husky@npm:^9.1.6":
  version: 9.1.6
  resolution: "husky@npm:9.1.6"
  bin:
    husky: bin.js
  checksum: 10c0/705673db4a247c1febd9c5df5f6a3519106cf0335845027bb50a15fba9b1f542cb2610932ede96fd08008f6d9f49db0f15560509861808b0031cdc0e7c798bac
  languageName: node
  linkType: hard

"is-ci@npm:^3.0.1":
  version: 3.0.1
  resolution: "is-ci@npm:3.0.1"
  dependencies:
    ci-info: "npm:^3.2.0"
  bin:
    is-ci: bin.js
  checksum: 10c0/0e81caa62f4520d4088a5bef6d6337d773828a88610346c4b1119fb50c842587ed8bef1e5d9a656835a599e7209405b5761ddf2339668f2d0f4e889a92fe6051
  languageName: node
  linkType: hard

"lint-staged@npm:^17.6.0":
  version: 17.6.0
  resolution: "lint-staged@npm:17.6.0"
  dependencies:
    picomatch: "npm:^4.0.7"
    string-argv: "npm:^0.3.2"
    tinyexec: "npm:^1.3.1"
    yaml: "npm:^2.9.1"
  dependenciesMeta:
    yaml:
      optional: true
  bin:
    lint-staged: bin/lint-staged.js
  checksum: 10c0/016905cebb46de70ff8de63db8527592d595709b31982f274677f252ac2037f2e446c92e0662ef6ba6a0dbf42e36324ae30df4d8b4cbc5032d219343cc306512
  languageName: node
  linkType: hard

"picomatch@npm:^4.0.7":
  version: 4.0.7
  resolution: "picomatch@npm:4.0.7"
  checksum: 10c0/beb6ae02c43ae44e84883b90830196d9046b1726ead292adcf7f57945e0bb0d992d68563d87e03b484b6f3c9a5c6defda7523477f047d7f0e663f126cc01787f
  languageName: node
  linkType: hard

"prettier@npm:^3.3.3":
  version: 3.3.3
  resolution: "prettier@npm:3.3.3"
  bin:
    prettier: bin/prettier.cjs
  checksum: 10c0/b85828b08e7505716324e4245549b9205c0cacb25342a030ba8885aba2039a115dbcf75a0b7ca3b37bc9d101ee61fab8113fc69ca3359f2a226f1ecc07ad2e26
  languageName: node
  linkType: hard

"string-argv@npm:^0.3.2":
  version: 0.3.2
  resolution: "string-argv@npm:0.3.2"
  checksum: 10c0/75c02a83759ad1722e040b86823909d9a2fc75d15dd71ec4b537c3560746e33b5f5a07f7332d1e3f88319909f82190843aa2f0a0d8c8d591ec08e93d5b8dec82
  languageName: node
  linkType: hard

"tinyexec@npm:^1.3.1":
  version: 1.3.1
  resolution: "tinyexec@npm:1.3.1"
  checksum: 10c0/c590369cb3fa73cc18a3998caec8a00f9712d91309c881be3ac52b160fb2f80c7b1fbf3591858ab6abab47ad55385b0c86ec19982e32441a01f55298dab9ccd2
  languageName: node
  linkType: hard

"yaml@npm:^2.9.1":
  version: 2.9.1
  resolution: "yaml@npm:2.9.1"
  bin:
    yaml: bin.mjs
  checksum: 10c0/9d06676ef02b89559a8b10a71882bd2cdae81e8393dc8dbc871615c3259475d9609ad973d19cb3c9e71e72d6206e3d1e7aa241c7e55f3d16fd2e77db305827d6
  languageName: node
  linkType: hard
